// !$*UTF8*$!
{
	archiveVersion = 1;
	classes = {
	};
	objectVersion = 56;
	objects = {

/* Begin PBXBuildFile section */
		700A9C302A9E75BB00E11DEB /* BasePresenter.swift in Sources */ = {isa = PBXBuildFile; fileRef = 700A9C2F2A9E75BB00E11DEB /* BasePresenter.swift */; };
		700A9C322A9E774500E11DEB /* UIViewController+Ext.swift in Sources */ = {isa = PBXBuildFile; fileRef = 700A9C312A9E774500E11DEB /* UIViewController+Ext.swift */; };
		70399C602A9FDED500976098 /* UIEdgeInsets+Ext.swift in Sources */ = {isa = PBXBuildFile; fileRef = 70399C5F2A9FDED500976098 /* UIEdgeInsets+Ext.swift */; };
		70399C622A9FE33200976098 /* AlertView.swift in Sources */ = {isa = PBXBuildFile; fileRef = 70399C612A9FE33200976098 /* AlertView.swift */; };
		70399C642A9FE58200976098 /* NSRegularExpression+Ext.swift in Sources */ = {isa = PBXBuildFile; fileRef = 70399C632A9FE58200976098 /* NSRegularExpression+Ext.swift */; };
		70439F3E2AA33976007B0A98 /* PlayPauseButton.swift in Sources */ = {isa = PBXBuildFile; fileRef = 70439F3D2AA33976007B0A98 /* PlayPauseButton.swift */; };
		70439F412AA369E8007B0A98 /* SettingsViewController.swift in Sources */ = {isa = PBXBuildFile; fileRef = 70439F402AA369E8007B0A98 /* SettingsViewController.swift */; };
		7054EF4C2AA0B04200F55B92 /* PopUpViewController.swift in Sources */ = {isa = PBXBuildFile; fileRef = 7054EF4B2AA0B04200F55B92 /* PopUpViewController.swift */; };
		7054EF4F2AA0B24F00F55B92 /* PaddingLabel.swift in Sources */ = {isa = PBXBuildFile; fileRef = 7054EF4E2AA0B24F00F55B92 /* PaddingLabel.swift */; };
		7069F73E2AA3194700255854 /* ResponsePulseLoginWithCodeModel.swift in Sources */ = {isa = PBXBuildFile; fileRef = 7069F73D2AA3194700255854 /* ResponsePulseLoginWithCodeModel.swift */; };
		7069F7402AA31B8500255854 /* VerificationCode.swift in Sources */ = {isa = PBXBuildFile; fileRef = 7069F73F2AA31B8500255854 /* VerificationCode.swift */; };
		7069F7422AA31F2B00255854 /* ResponsePulseVerificationCodeModel.swift in Sources */ = {isa = PBXBuildFile; fileRef = 7069F7412AA31F2B00255854 /* ResponsePulseVerificationCodeModel.swift */; };
		7069F7452AA3222C00255854 /* MainTabBarController.swift in Sources */ = {isa = PBXBuildFile; fileRef = 7069F7442AA3222C00255854 /* MainTabBarController.swift */; };
		7069F7472AA3225B00255854 /* BaseUICollectionViewCell.swift in Sources */ = {isa = PBXBuildFile; fileRef = 7069F7462AA3225B00255854 /* BaseUICollectionViewCell.swift */; };
		7069F7492AA326F300255854 /* NowPlayingView.swift in Sources */ = {isa = PBXBuildFile; fileRef = 7069F7482AA326F300255854 /* NowPlayingView.swift */; };
		707FAF852A9E8E00008929FC /* UICollectionView+Ext.swift in Sources */ = {isa = PBXBuildFile; fileRef = 707FAF842A9E8E00008929FC /* UICollectionView+Ext.swift */; };
		707FAF872A9E8E0B008929FC /* UICollectionViewCell+Ext.swift in Sources */ = {isa = PBXBuildFile; fileRef = 707FAF862A9E8E0B008929FC /* UICollectionViewCell+Ext.swift */; };
		707FAF892A9E8E56008929FC /* ScrollingCoverCollectionViewCell.swift in Sources */ = {isa = PBXBuildFile; fileRef = 707FAF882A9E8E56008929FC /* ScrollingCoverCollectionViewCell.swift */; };
		707FAF8B2A9E8F05008929FC /* UIView+Ext.swift in Sources */ = {isa = PBXBuildFile; fileRef = 707FAF8A2A9E8F05008929FC /* UIView+Ext.swift */; };
		70996A122A9D395F00905847 /* PulseApi.swift in Sources */ = {isa = PBXBuildFile; fileRef = 70996A112A9D395F00905847 /* PulseApi.swift */; };
		70996A142A9D396400905847 /* PulseProvider.swift in Sources */ = {isa = PBXBuildFile; fileRef = 70996A132A9D396400905847 /* PulseProvider.swift */; };
		70996A172A9D397200905847 /* ResponsePulseErrorModel.swift in Sources */ = {isa = PBXBuildFile; fileRef = 70996A162A9D397200905847 /* ResponsePulseErrorModel.swift */; };
		70996A192A9D397900905847 /* PulseTypealiases.swift in Sources */ = {isa = PBXBuildFile; fileRef = 70996A182A9D397900905847 /* PulseTypealiases.swift */; };
		70996A1B2A9D3AA400905847 /* ResponsePulseCoverModel.swift in Sources */ = {isa = PBXBuildFile; fileRef = 70996A1A2A9D3AA400905847 /* ResponsePulseCoverModel.swift */; };
		70996A1D2A9D3AEB00905847 /* ResponsePulseCoverInfoModel.swift in Sources */ = {isa = PBXBuildFile; fileRef = 70996A1C2A9D3AEB00905847 /* ResponsePulseCoverInfoModel.swift */; };
		70996A212A9D3D2E00905847 /* NetworkManager.swift in Sources */ = {isa = PBXBuildFile; fileRef = 70996A202A9D3D2E00905847 /* NetworkManager.swift */; };
		70996A252A9D3E8700905847 /* ipApi.swift in Sources */ = {isa = PBXBuildFile; fileRef = 70996A242A9D3E8700905847 /* ipApi.swift */; };
		70996A282A9D3F1100905847 /* Constants.swift in Sources */ = {isa = PBXBuildFile; fileRef = 70996A272A9D3F1100905847 /* Constants.swift */; };
		70996A2A2A9D3FA000905847 /* ipApiProvider.swift in Sources */ = {isa = PBXBuildFile; fileRef = 70996A292A9D3FA000905847 /* ipApiProvider.swift */; };
		70996A2C2A9D423F00905847 /* ResponseIpApiModel.swift in Sources */ = {isa = PBXBuildFile; fileRef = 70996A2B2A9D423F00905847 /* ResponseIpApiModel.swift */; };
		70996A302A9D439900905847 /* ipifyApi.swift in Sources */ = {isa = PBXBuildFile; fileRef = 70996A2F2A9D439900905847 /* ipifyApi.swift */; };
		70996A322A9D43D900905847 /* ipifyProvider.swift in Sources */ = {isa = PBXBuildFile; fileRef = 70996A312A9D43D900905847 /* ipifyProvider.swift */; };
		70996A352A9D443400905847 /* ApiTypealiases.swift in Sources */ = {isa = PBXBuildFile; fileRef = 70996A342A9D443400905847 /* ApiTypealiases.swift */; };
		70996A382A9D44A800905847 /* ResponseIpifyModel.swift in Sources */ = {isa = PBXBuildFile; fileRef = 70996A372A9D44A800905847 /* ResponseIpifyModel.swift */; };
		70996A3A2A9D467700905847 /* MainCoordinator.swift in Sources */ = {isa = PBXBuildFile; fileRef = 70996A392A9D467700905847 /* MainCoordinator.swift */; };
		70996A3C2A9D46D100905847 /* SettingsManager.swift in Sources */ = {isa = PBXBuildFile; fileRef = 70996A3B2A9D46D100905847 /* SettingsManager.swift */; };
		70996A402A9D46F300905847 /* PulseModel.swift in Sources */ = {isa = PBXBuildFile; fileRef = 70996A3F2A9D46F300905847 /* PulseModel.swift */; };
		70996A422A9D47E500905847 /* BaseKeychainModel.swift in Sources */ = {isa = PBXBuildFile; fileRef = 70996A412A9D47E500905847 /* BaseKeychainModel.swift */; };
		70996A442A9D48B700905847 /* Credentials.swift in Sources */ = {isa = PBXBuildFile; fileRef = 70996A432A9D48B700905847 /* Credentials.swift */; };
		70996A4A2A9D4D7200905847 /* AuthViewController.swift in Sources */ = {isa = PBXBuildFile; fileRef = 70996A492A9D4D7200905847 /* AuthViewController.swift */; };
		70996A4C2A9D4D7700905847 /* AuthPresenter.swift in Sources */ = {isa = PBXBuildFile; fileRef = 70996A4B2A9D4D7700905847 /* AuthPresenter.swift */; };
		70996A532A9D4DED00905847 /* BaseUIViewController.swift in Sources */ = {isa = PBXBuildFile; fileRef = 70996A522A9D4DED00905847 /* BaseUIViewController.swift */; };
		70996A562A9D4FEE00905847 /* UILabel+Ext.swift in Sources */ = {isa = PBXBuildFile; fileRef = 70996A552A9D4FEE00905847 /* UILabel+Ext.swift */; };
		70996A5B2A9D548E00905847 /* ColorType.swift in Sources */ = {isa = PBXBuildFile; fileRef = 70996A5A2A9D548E00905847 /* ColorType.swift */; };
		70996A5D2A9D55A300905847 /* UIColor+Ext.swift in Sources */ = {isa = PBXBuildFile; fileRef = 70996A5C2A9D55A300905847 /* UIColor+Ext.swift */; };
		709F1B662A9E95BD00C0FB73 /* InfiniteScrolling-SPM in Frameworks */ = {isa = PBXBuildFile; productRef = 709F1B652A9E95BD00C0FB73 /* InfiniteScrolling-SPM */; };
		70AC1CA82A9B57240095A793 /* SDWebImage in Frameworks */ = {isa = PBXBuildFile; productRef = 70AC1CA72A9B57240095A793 /* SDWebImage */; };
		70AC1CAA2A9B57240095A793 /* SDWebImageMapKit in Frameworks */ = {isa = PBXBuildFile; productRef = 70AC1CA92A9B57240095A793 /* SDWebImageMapKit */; };
		70AC1CAD2A9B57410095A793 /* FriendlyURLSession in Frameworks */ = {isa = PBXBuildFile; productRef = 70AC1CAC2A9B57410095A793 /* FriendlyURLSession */; };
		70AC1CB02A9B57AB0095A793 /* Realm in Frameworks */ = {isa = PBXBuildFile; productRef = 70AC1CAF2A9B57AB0095A793 /* Realm */; };
		70AC1CB22A9B57AB0095A793 /* RealmSwift in Frameworks */ = {isa = PBXBuildFile; productRef = 70AC1CB12A9B57AB0095A793 /* RealmSwift */; };
		70AC1CB52A9B57EC0095A793 /* AlertKit in Frameworks */ = {isa = PBXBuildFile; productRef = 70AC1CB42A9B57EC0095A793 /* AlertKit */; };
		70AC1CB82A9B58040095A793 /* SPIndicator in Frameworks */ = {isa = PBXBuildFile; productRef = 70AC1CB72A9B58040095A793 /* SPIndicator */; };
		70AC1CBB2A9B58360095A793 /* Slyderin in Frameworks */ = {isa = PBXBuildFile; productRef = 70AC1CBA2A9B58360095A793 /* Slyderin */; };
		70AC1CBE2A9B5ABF0095A793 /* ActiveLabel in Frameworks */ = {isa = PBXBuildFile; productRef = 70AC1CBD2A9B5ABF0095A793 /* ActiveLabel */; };
		70AD04BC2A9E9D4D00DC4517 /* StaticGradientView.swift in Sources */ = {isa = PBXBuildFile; fileRef = 70AD04BB2A9E9D4D00DC4517 /* StaticGradientView.swift */; };
		70AD04BE2A9EA42100DC4517 /* ResponsePulseCreateUserModel.swift in Sources */ = {isa = PBXBuildFile; fileRef = 70AD04BD2A9EA42100DC4517 /* ResponsePulseCreateUserModel.swift */; };
		70AD04C22A9EA62800DC4517 /* BaseUIView.swift in Sources */ = {isa = PBXBuildFile; fileRef = 70AD04C12A9EA62800DC4517 /* BaseUIView.swift */; };
		70BDBA802A9B56C000401359 /* AppDelegate.swift in Sources */ = {isa = PBXBuildFile; fileRef = 70BDBA7F2A9B56C000401359 /* AppDelegate.swift */; };
		70BDBA822A9B56C000401359 /* SceneDelegate.swift in Sources */ = {isa = PBXBuildFile; fileRef = 70BDBA812A9B56C000401359 /* SceneDelegate.swift */; };
		70BDBA872A9B56C000401359 /* Main.storyboard in Resources */ = {isa = PBXBuildFile; fileRef = 70BDBA852A9B56C000401359 /* Main.storyboard */; };
		70BDBA892A9B56C100401359 /* Assets.xcassets in Resources */ = {isa = PBXBuildFile; fileRef = 70BDBA882A9B56C100401359 /* Assets.xcassets */; };
		70BDBA8C2A9B56C100401359 /* LaunchScreen.storyboard in Resources */ = {isa = PBXBuildFile; fileRef = 70BDBA8A2A9B56C100401359 /* LaunchScreen.storyboard */; };
		70CDCE8A2A9FC25B00FBB125 /* CoversViewController.swift in Sources */ = {isa = PBXBuildFile; fileRef = 70CDCE892A9FC25B00FBB125 /* CoversViewController.swift */; };
		70CDCE8C2A9FC2C900FBB125 /* CoversPresenter.swift in Sources */ = {isa = PBXBuildFile; fileRef = 70CDCE8B2A9FC2C900FBB125 /* CoversPresenter.swift */; };
		70CDCE8F2A9FC9AC00FBB125 /* SignUpViewController.swift in Sources */ = {isa = PBXBuildFile; fileRef = 70CDCE8E2A9FC9AC00FBB125 /* SignUpViewController.swift */; };
		70CDCE912A9FC9E700FBB125 /* SignUpPresenter.swift in Sources */ = {isa = PBXBuildFile; fileRef = 70CDCE902A9FC9E700FBB125 /* SignUpPresenter.swift */; };
		70CDCE972A9FCBBF00FBB125 /* ImageManager.swift in Sources */ = {isa = PBXBuildFile; fileRef = 70CDCE962A9FCBBF00FBB125 /* ImageManager.swift */; };
		70CDCE992A9FCC7800FBB125 /* UIImageView+Ext.swift in Sources */ = {isa = PBXBuildFile; fileRef = 70CDCE982A9FCC7800FBB125 /* UIImageView+Ext.swift */; };
		70CDCE9C2A9FD8A200FBB125 /* UITextField+Ext.swift in Sources */ = {isa = PBXBuildFile; fileRef = 70CDCE9B2A9FD8A200FBB125 /* UITextField+Ext.swift */; };
		70CDCE9E2A9FD8EA00FBB125 /* PasswordTextField.swift in Sources */ = {isa = PBXBuildFile; fileRef = 70CDCE9D2A9FD8EA00FBB125 /* PasswordTextField.swift */; };
		70CDCEA02A9FDD7100FBB125 /* Device.swift in Sources */ = {isa = PBXBuildFile; fileRef = 70CDCE9F2A9FDD7100FBB125 /* Device.swift */; };
		70DB84472A9E8A3900BA9C89 /* CoversScrollingView.swift in Sources */ = {isa = PBXBuildFile; fileRef = 70DB84462A9E8A3900BA9C89 /* CoversScrollingView.swift */; };
		70E09FA62AA768880094EEA0 /* TextTableViewCell.swift in Sources */ = {isa = PBXBuildFile; fileRef = 70E09FA52AA768880094EEA0 /* TextTableViewCell.swift */; };
		70E09FA82AA76EA80094EEA0 /* ChevronTableViewCell.swift in Sources */ = {isa = PBXBuildFile; fileRef = 70E09FA72AA76EA80094EEA0 /* ChevronTableViewCell.swift */; };
		70E09FAC2AA77D100094EEA0 /* VKAuthTableViewCell.swift in Sources */ = {isa = PBXBuildFile; fileRef = 70E09FAB2AA77D100094EEA0 /* VKAuthTableViewCell.swift */; };
		70E09FAF2AA783090094EEA0 /* VkApi.swift in Sources */ = {isa = PBXBuildFile; fileRef = 70E09FAE2AA783090094EEA0 /* VkApi.swift */; };
		70E09FB12AA7830E0094EEA0 /* VkProvider.swift in Sources */ = {isa = PBXBuildFile; fileRef = 70E09FB02AA7830E0094EEA0 /* VkProvider.swift */; };
		70E09FB42AA7851E0094EEA0 /* ResponseVkAuthModel.swift in Sources */ = {isa = PBXBuildFile; fileRef = 70E09FB32AA7851E0094EEA0 /* ResponseVkAuthModel.swift */; };
		70E09FB62AA785660094EEA0 /* VkTypealiases.swift in Sources */ = {isa = PBXBuildFile; fileRef = 70E09FB52AA785660094EEA0 /* VkTypealiases.swift */; };
		70E09FB82AA786500094EEA0 /* ResponseVkErrorModel.swift in Sources */ = {isa = PBXBuildFile; fileRef = 70E09FB72AA786500094EEA0 /* ResponseVkErrorModel.swift */; };
		70E09FBB2AA78BCF0094EEA0 /* VkAuthPopUpViewController.swift in Sources */ = {isa = PBXBuildFile; fileRef = 70E09FBA2AA78BCF0094EEA0 /* VkAuthPopUpViewController.swift */; };
		70E3D57A2AA131900040E46A /* SignInViewController.swift in Sources */ = {isa = PBXBuildFile; fileRef = 70E3D5792AA131900040E46A /* SignInViewController.swift */; };
		70E3D57C2AA131980040E46A /* SignInPresenter.swift in Sources */ = {isa = PBXBuildFile; fileRef = 70E3D57B2AA131980040E46A /* SignInPresenter.swift */; };
		70E3D5822AA13A3C0040E46A /* ResponsePulseSuccessModel.swift in Sources */ = {isa = PBXBuildFile; fileRef = 70E3D5812AA13A3C0040E46A /* ResponsePulseSuccessModel.swift */; };
		70E3D5842AA13A8E0040E46A /* ResponsePulseLoginUserModel.swift in Sources */ = {isa = PBXBuildFile; fileRef = 70E3D5832AA13A8E0040E46A /* ResponsePulseLoginUserModel.swift */; };
		70E6E8122AA5FCD700DA686B /* SwitchTableViewCell.swift in Sources */ = {isa = PBXBuildFile; fileRef = 70E6E8112AA5FCD700DA686B /* SwitchTableViewCell.swift */; };
		70E6E8142AA5FCEA00DA686B /* BaseUITableViewCell.swift in Sources */ = {isa = PBXBuildFile; fileRef = 70E6E8132AA5FCEA00DA686B /* BaseUITableViewCell.swift */; };
		70E6E8182AA600FA00DA686B /* SettingType.swift in Sources */ = {isa = PBXBuildFile; fileRef = 70E6E8172AA600FA00DA686B /* SettingType.swift */; };
		70E6E81A2AA6048000DA686B /* SettingsSectionType.swift in Sources */ = {isa = PBXBuildFile; fileRef = 70E6E8192AA6048000DA686B /* SettingsSectionType.swift */; };
		70E6E81C2AA604AD00DA686B /* CellType.swift in Sources */ = {isa = PBXBuildFile; fileRef = 70E6E81B2AA604AD00DA686B /* CellType.swift */; };
		70E6E81E2AA6060700DA686B /* UITableViewCell+Ext.swift in Sources */ = {isa = PBXBuildFile; fileRef = 70E6E81D2AA6060700DA686B /* UITableViewCell+Ext.swift */; };
		70E6E8202AA6076E00DA686B /* UITableView+Ext.swift in Sources */ = {isa = PBXBuildFile; fileRef = 70E6E81F2AA6076E00DA686B /* UITableView+Ext.swift */; };
		70E6E8232AA608A800DA686B /* CoverImageView.swift in Sources */ = {isa = PBXBuildFile; fileRef = 70E6E8222AA608A800DA686B /* CoverImageView.swift */; };
		810E3D1A2A9F8875009891FC /* SnapKit in Frameworks */ = {isa = PBXBuildFile; productRef = 810E3D192A9F8875009891FC /* SnapKit */; };
		81B8EE3C2AA0E17F00C7F53E /* VerifyPulseAccountPopUpViewController.swift in Sources */ = {isa = PBXBuildFile; fileRef = 81B8EE3B2AA0E17F00C7F53E /* VerifyPulseAccountPopUpViewController.swift */; };
		81B8EE3E2AA0E1E600C7F53E /* VerifyPulseAccountPresenter.swift in Sources */ = {isa = PBXBuildFile; fileRef = 81B8EE3D2AA0E1E600C7F53E /* VerifyPulseAccountPresenter.swift */; };
		81B8EE422AA0E72400C7F53E /* String+Ext.swift in Sources */ = {isa = PBXBuildFile; fileRef = 81B8EE412AA0E72400C7F53E /* String+Ext.swift */; };
/* End PBXBuildFile section */

/* Begin PBXFileReference section */
		700A9C2F2A9E75BB00E11DEB /* BasePresenter.swift */ = {isa = PBXFileReference; lastKnownFileType = sourcecode.swift; path = BasePresenter.swift; sourceTree = "<group>"; };
		700A9C312A9E774500E11DEB /* UIViewController+Ext.swift */ = {isa = PBXFileReference; lastKnownFileType = sourcecode.swift; path = "UIViewController+Ext.swift"; sourceTree = "<group>"; };
		70399C5F2A9FDED500976098 /* UIEdgeInsets+Ext.swift */ = {isa = PBXFileReference; lastKnownFileType = sourcecode.swift; path = "UIEdgeInsets+Ext.swift"; sourceTree = "<group>"; };
		70399C612A9FE33200976098 /* AlertView.swift */ = {isa = PBXFileReference; lastKnownFileType = sourcecode.swift; path = AlertView.swift; sourceTree = "<group>"; };
		70399C632A9FE58200976098 /* NSRegularExpression+Ext.swift */ = {isa = PBXFileReference; lastKnownFileType = sourcecode.swift; path = "NSRegularExpression+Ext.swift"; sourceTree = "<group>"; };
		70439F3D2AA33976007B0A98 /* PlayPauseButton.swift */ = {isa = PBXFileReference; lastKnownFileType = sourcecode.swift; path = PlayPauseButton.swift; sourceTree = "<group>"; };
		70439F402AA369E8007B0A98 /* SettingsViewController.swift */ = {isa = PBXFileReference; lastKnownFileType = sourcecode.swift; path = SettingsViewController.swift; sourceTree = "<group>"; };
		7054EF4B2AA0B04200F55B92 /* PopUpViewController.swift */ = {isa = PBXFileReference; lastKnownFileType = sourcecode.swift; path = PopUpViewController.swift; sourceTree = "<group>"; };
		7054EF4E2AA0B24F00F55B92 /* PaddingLabel.swift */ = {isa = PBXFileReference; lastKnownFileType = sourcecode.swift; path = PaddingLabel.swift; sourceTree = "<group>"; };
		7069F73D2AA3194700255854 /* ResponsePulseLoginWithCodeModel.swift */ = {isa = PBXFileReference; lastKnownFileType = sourcecode.swift; path = ResponsePulseLoginWithCodeModel.swift; sourceTree = "<group>"; };
		7069F73F2AA31B8500255854 /* VerificationCode.swift */ = {isa = PBXFileReference; lastKnownFileType = sourcecode.swift; path = VerificationCode.swift; sourceTree = "<group>"; };
		7069F7412AA31F2B00255854 /* ResponsePulseVerificationCodeModel.swift */ = {isa = PBXFileReference; lastKnownFileType = sourcecode.swift; path = ResponsePulseVerificationCodeModel.swift; sourceTree = "<group>"; };
		7069F7442AA3222C00255854 /* MainTabBarController.swift */ = {isa = PBXFileReference; lastKnownFileType = sourcecode.swift; path = MainTabBarController.swift; sourceTree = "<group>"; };
		7069F7462AA3225B00255854 /* BaseUICollectionViewCell.swift */ = {isa = PBXFileReference; lastKnownFileType = sourcecode.swift; path = BaseUICollectionViewCell.swift; sourceTree = "<group>"; };
		7069F7482AA326F300255854 /* NowPlayingView.swift */ = {isa = PBXFileReference; lastKnownFileType = sourcecode.swift; path = NowPlayingView.swift; sourceTree = "<group>"; };
		707FAF842A9E8E00008929FC /* UICollectionView+Ext.swift */ = {isa = PBXFileReference; lastKnownFileType = sourcecode.swift; path = "UICollectionView+Ext.swift"; sourceTree = "<group>"; };
		707FAF862A9E8E0B008929FC /* UICollectionViewCell+Ext.swift */ = {isa = PBXFileReference; lastKnownFileType = sourcecode.swift; path = "UICollectionViewCell+Ext.swift"; sourceTree = "<group>"; };
		707FAF882A9E8E56008929FC /* ScrollingCoverCollectionViewCell.swift */ = {isa = PBXFileReference; lastKnownFileType = sourcecode.swift; path = ScrollingCoverCollectionViewCell.swift; sourceTree = "<group>"; };
		707FAF8A2A9E8F05008929FC /* UIView+Ext.swift */ = {isa = PBXFileReference; lastKnownFileType = sourcecode.swift; path = "UIView+Ext.swift"; sourceTree = "<group>"; };
		70996A112A9D395F00905847 /* PulseApi.swift */ = {isa = PBXFileReference; lastKnownFileType = sourcecode.swift; path = PulseApi.swift; sourceTree = "<group>"; };
		70996A132A9D396400905847 /* PulseProvider.swift */ = {isa = PBXFileReference; lastKnownFileType = sourcecode.swift; path = PulseProvider.swift; sourceTree = "<group>"; };
		70996A162A9D397200905847 /* ResponsePulseErrorModel.swift */ = {isa = PBXFileReference; lastKnownFileType = sourcecode.swift; path = ResponsePulseErrorModel.swift; sourceTree = "<group>"; };
		70996A182A9D397900905847 /* PulseTypealiases.swift */ = {isa = PBXFileReference; lastKnownFileType = sourcecode.swift; path = PulseTypealiases.swift; sourceTree = "<group>"; };
		70996A1A2A9D3AA400905847 /* ResponsePulseCoverModel.swift */ = {isa = PBXFileReference; lastKnownFileType = sourcecode.swift; path = ResponsePulseCoverModel.swift; sourceTree = "<group>"; };
		70996A1C2A9D3AEB00905847 /* ResponsePulseCoverInfoModel.swift */ = {isa = PBXFileReference; lastKnownFileType = sourcecode.swift; path = ResponsePulseCoverInfoModel.swift; sourceTree = "<group>"; };
		70996A202A9D3D2E00905847 /* NetworkManager.swift */ = {isa = PBXFileReference; lastKnownFileType = sourcecode.swift; path = NetworkManager.swift; sourceTree = "<group>"; };
		70996A242A9D3E8700905847 /* ipApi.swift */ = {isa = PBXFileReference; lastKnownFileType = sourcecode.swift; path = ipApi.swift; sourceTree = "<group>"; };
		70996A272A9D3F1100905847 /* Constants.swift */ = {isa = PBXFileReference; lastKnownFileType = sourcecode.swift; path = Constants.swift; sourceTree = "<group>"; };
		70996A292A9D3FA000905847 /* ipApiProvider.swift */ = {isa = PBXFileReference; lastKnownFileType = sourcecode.swift; path = ipApiProvider.swift; sourceTree = "<group>"; };
		70996A2B2A9D423F00905847 /* ResponseIpApiModel.swift */ = {isa = PBXFileReference; lastKnownFileType = sourcecode.swift; path = ResponseIpApiModel.swift; sourceTree = "<group>"; };
		70996A2F2A9D439900905847 /* ipifyApi.swift */ = {isa = PBXFileReference; lastKnownFileType = sourcecode.swift; path = ipifyApi.swift; sourceTree = "<group>"; };
		70996A312A9D43D900905847 /* ipifyProvider.swift */ = {isa = PBXFileReference; lastKnownFileType = sourcecode.swift; path = ipifyProvider.swift; sourceTree = "<group>"; };
		70996A342A9D443400905847 /* ApiTypealiases.swift */ = {isa = PBXFileReference; lastKnownFileType = sourcecode.swift; path = ApiTypealiases.swift; sourceTree = "<group>"; };
		70996A372A9D44A800905847 /* ResponseIpifyModel.swift */ = {isa = PBXFileReference; lastKnownFileType = sourcecode.swift; path = ResponseIpifyModel.swift; sourceTree = "<group>"; };
		70996A392A9D467700905847 /* MainCoordinator.swift */ = {isa = PBXFileReference; lastKnownFileType = sourcecode.swift; path = MainCoordinator.swift; sourceTree = "<group>"; };
		70996A3B2A9D46D100905847 /* SettingsManager.swift */ = {isa = PBXFileReference; lastKnownFileType = sourcecode.swift; path = SettingsManager.swift; sourceTree = "<group>"; };
		70996A3F2A9D46F300905847 /* PulseModel.swift */ = {isa = PBXFileReference; lastKnownFileType = sourcecode.swift; path = PulseModel.swift; sourceTree = "<group>"; };
		70996A412A9D47E500905847 /* BaseKeychainModel.swift */ = {isa = PBXFileReference; lastKnownFileType = sourcecode.swift; path = BaseKeychainModel.swift; sourceTree = "<group>"; };
		70996A432A9D48B700905847 /* Credentials.swift */ = {isa = PBXFileReference; lastKnownFileType = sourcecode.swift; path = Credentials.swift; sourceTree = "<group>"; };
		70996A492A9D4D7200905847 /* AuthViewController.swift */ = {isa = PBXFileReference; lastKnownFileType = sourcecode.swift; path = AuthViewController.swift; sourceTree = "<group>"; };
		70996A4B2A9D4D7700905847 /* AuthPresenter.swift */ = {isa = PBXFileReference; lastKnownFileType = sourcecode.swift; path = AuthPresenter.swift; sourceTree = "<group>"; };
		70996A522A9D4DED00905847 /* BaseUIViewController.swift */ = {isa = PBXFileReference; lastKnownFileType = sourcecode.swift; path = BaseUIViewController.swift; sourceTree = "<group>"; };
		70996A552A9D4FEE00905847 /* UILabel+Ext.swift */ = {isa = PBXFileReference; lastKnownFileType = sourcecode.swift; path = "UILabel+Ext.swift"; sourceTree = "<group>"; };
		70996A5A2A9D548E00905847 /* ColorType.swift */ = {isa = PBXFileReference; lastKnownFileType = sourcecode.swift; path = ColorType.swift; sourceTree = "<group>"; };
		70996A5C2A9D55A300905847 /* UIColor+Ext.swift */ = {isa = PBXFileReference; lastKnownFileType = sourcecode.swift; path = "UIColor+Ext.swift"; sourceTree = "<group>"; };
		70AD04BB2A9E9D4D00DC4517 /* StaticGradientView.swift */ = {isa = PBXFileReference; lastKnownFileType = sourcecode.swift; path = StaticGradientView.swift; sourceTree = "<group>"; };
		70AD04BD2A9EA42100DC4517 /* ResponsePulseCreateUserModel.swift */ = {isa = PBXFileReference; lastKnownFileType = sourcecode.swift; path = ResponsePulseCreateUserModel.swift; sourceTree = "<group>"; };
		70AD04C12A9EA62800DC4517 /* BaseUIView.swift */ = {isa = PBXFileReference; lastKnownFileType = sourcecode.swift; path = BaseUIView.swift; sourceTree = "<group>"; };
		70BDBA7C2A9B56C000401359 /* Pulse.app */ = {isa = PBXFileReference; explicitFileType = wrapper.application; includeInIndex = 0; path = Pulse.app; sourceTree = BUILT_PRODUCTS_DIR; };
		70BDBA7F2A9B56C000401359 /* AppDelegate.swift */ = {isa = PBXFileReference; lastKnownFileType = sourcecode.swift; path = AppDelegate.swift; sourceTree = "<group>"; };
		70BDBA812A9B56C000401359 /* SceneDelegate.swift */ = {isa = PBXFileReference; lastKnownFileType = sourcecode.swift; path = SceneDelegate.swift; sourceTree = "<group>"; };
		70BDBA862A9B56C000401359 /* Base */ = {isa = PBXFileReference; lastKnownFileType = file.storyboard; name = Base; path = Base.lproj/Main.storyboard; sourceTree = "<group>"; };
		70BDBA882A9B56C100401359 /* Assets.xcassets */ = {isa = PBXFileReference; lastKnownFileType = folder.assetcatalog; path = Assets.xcassets; sourceTree = "<group>"; };
		70BDBA8B2A9B56C100401359 /* Base */ = {isa = PBXFileReference; lastKnownFileType = file.storyboard; name = Base; path = Base.lproj/LaunchScreen.storyboard; sourceTree = "<group>"; };
		70BDBA8D2A9B56C100401359 /* Info.plist */ = {isa = PBXFileReference; lastKnownFileType = text.plist.xml; path = Info.plist; sourceTree = "<group>"; };
		70CDCE892A9FC25B00FBB125 /* CoversViewController.swift */ = {isa = PBXFileReference; lastKnownFileType = sourcecode.swift; path = CoversViewController.swift; sourceTree = "<group>"; };
		70CDCE8B2A9FC2C900FBB125 /* CoversPresenter.swift */ = {isa = PBXFileReference; lastKnownFileType = sourcecode.swift; path = CoversPresenter.swift; sourceTree = "<group>"; };
		70CDCE8E2A9FC9AC00FBB125 /* SignUpViewController.swift */ = {isa = PBXFileReference; lastKnownFileType = sourcecode.swift; path = SignUpViewController.swift; sourceTree = "<group>"; };
		70CDCE902A9FC9E700FBB125 /* SignUpPresenter.swift */ = {isa = PBXFileReference; lastKnownFileType = sourcecode.swift; path = SignUpPresenter.swift; sourceTree = "<group>"; };
		70CDCE962A9FCBBF00FBB125 /* ImageManager.swift */ = {isa = PBXFileReference; lastKnownFileType = sourcecode.swift; path = ImageManager.swift; sourceTree = "<group>"; };
		70CDCE982A9FCC7800FBB125 /* UIImageView+Ext.swift */ = {isa = PBXFileReference; lastKnownFileType = sourcecode.swift; path = "UIImageView+Ext.swift"; sourceTree = "<group>"; };
		70CDCE9B2A9FD8A200FBB125 /* UITextField+Ext.swift */ = {isa = PBXFileReference; lastKnownFileType = sourcecode.swift; path = "UITextField+Ext.swift"; sourceTree = "<group>"; };
		70CDCE9D2A9FD8EA00FBB125 /* PasswordTextField.swift */ = {isa = PBXFileReference; lastKnownFileType = sourcecode.swift; path = PasswordTextField.swift; sourceTree = "<group>"; };
		70CDCE9F2A9FDD7100FBB125 /* Device.swift */ = {isa = PBXFileReference; lastKnownFileType = sourcecode.swift; path = Device.swift; sourceTree = "<group>"; };
		70DB84462A9E8A3900BA9C89 /* CoversScrollingView.swift */ = {isa = PBXFileReference; lastKnownFileType = sourcecode.swift; path = CoversScrollingView.swift; sourceTree = "<group>"; };
		70E09FA52AA768880094EEA0 /* TextTableViewCell.swift */ = {isa = PBXFileReference; lastKnownFileType = sourcecode.swift; path = TextTableViewCell.swift; sourceTree = "<group>"; };
		70E09FA72AA76EA80094EEA0 /* ChevronTableViewCell.swift */ = {isa = PBXFileReference; lastKnownFileType = sourcecode.swift; path = ChevronTableViewCell.swift; sourceTree = "<group>"; };
		70E09FAB2AA77D100094EEA0 /* VKAuthTableViewCell.swift */ = {isa = PBXFileReference; lastKnownFileType = sourcecode.swift; path = VKAuthTableViewCell.swift; sourceTree = "<group>"; };
		70E09FAE2AA783090094EEA0 /* VkApi.swift */ = {isa = PBXFileReference; lastKnownFileType = sourcecode.swift; path = VkApi.swift; sourceTree = "<group>"; };
		70E09FB02AA7830E0094EEA0 /* VkProvider.swift */ = {isa = PBXFileReference; lastKnownFileType = sourcecode.swift; path = VkProvider.swift; sourceTree = "<group>"; };
		70E09FB32AA7851E0094EEA0 /* ResponseVkAuthModel.swift */ = {isa = PBXFileReference; lastKnownFileType = sourcecode.swift; path = ResponseVkAuthModel.swift; sourceTree = "<group>"; };
		70E09FB52AA785660094EEA0 /* VkTypealiases.swift */ = {isa = PBXFileReference; lastKnownFileType = sourcecode.swift; path = VkTypealiases.swift; sourceTree = "<group>"; };
		70E09FB72AA786500094EEA0 /* ResponseVkErrorModel.swift */ = {isa = PBXFileReference; lastKnownFileType = sourcecode.swift; path = ResponseVkErrorModel.swift; sourceTree = "<group>"; };
		70E09FBA2AA78BCF0094EEA0 /* VkAuthPopUpViewController.swift */ = {isa = PBXFileReference; lastKnownFileType = sourcecode.swift; path = VkAuthPopUpViewController.swift; sourceTree = "<group>"; };
		70E3D5792AA131900040E46A /* SignInViewController.swift */ = {isa = PBXFileReference; lastKnownFileType = sourcecode.swift; path = SignInViewController.swift; sourceTree = "<group>"; };
		70E3D57B2AA131980040E46A /* SignInPresenter.swift */ = {isa = PBXFileReference; lastKnownFileType = sourcecode.swift; path = SignInPresenter.swift; sourceTree = "<group>"; };
		70E3D5812AA13A3C0040E46A /* ResponsePulseSuccessModel.swift */ = {isa = PBXFileReference; lastKnownFileType = sourcecode.swift; path = ResponsePulseSuccessModel.swift; sourceTree = "<group>"; };
		70E3D5832AA13A8E0040E46A /* ResponsePulseLoginUserModel.swift */ = {isa = PBXFileReference; lastKnownFileType = sourcecode.swift; path = ResponsePulseLoginUserModel.swift; sourceTree = "<group>"; };
		70E6E8112AA5FCD700DA686B /* SwitchTableViewCell.swift */ = {isa = PBXFileReference; lastKnownFileType = sourcecode.swift; path = SwitchTableViewCell.swift; sourceTree = "<group>"; };
		70E6E8132AA5FCEA00DA686B /* BaseUITableViewCell.swift */ = {isa = PBXFileReference; lastKnownFileType = sourcecode.swift; path = BaseUITableViewCell.swift; sourceTree = "<group>"; };
		70E6E8172AA600FA00DA686B /* SettingType.swift */ = {isa = PBXFileReference; lastKnownFileType = sourcecode.swift; path = SettingType.swift; sourceTree = "<group>"; };
		70E6E8192AA6048000DA686B /* SettingsSectionType.swift */ = {isa = PBXFileReference; lastKnownFileType = sourcecode.swift; path = SettingsSectionType.swift; sourceTree = "<group>"; };
		70E6E81B2AA604AD00DA686B /* CellType.swift */ = {isa = PBXFileReference; lastKnownFileType = sourcecode.swift; path = CellType.swift; sourceTree = "<group>"; };
		70E6E81D2AA6060700DA686B /* UITableViewCell+Ext.swift */ = {isa = PBXFileReference; lastKnownFileType = sourcecode.swift; path = "UITableViewCell+Ext.swift"; sourceTree = "<group>"; };
		70E6E81F2AA6076E00DA686B /* UITableView+Ext.swift */ = {isa = PBXFileReference; lastKnownFileType = sourcecode.swift; path = "UITableView+Ext.swift"; sourceTree = "<group>"; };
		70E6E8222AA608A800DA686B /* CoverImageView.swift */ = {isa = PBXFileReference; fileEncoding = 4; lastKnownFileType = sourcecode.swift; path = CoverImageView.swift; sourceTree = "<group>"; };
		81B8EE3B2AA0E17F00C7F53E /* VerifyPulseAccountPopUpViewController.swift */ = {isa = PBXFileReference; lastKnownFileType = sourcecode.swift; path = VerifyPulseAccountPopUpViewController.swift; sourceTree = "<group>"; };
		81B8EE3D2AA0E1E600C7F53E /* VerifyPulseAccountPresenter.swift */ = {isa = PBXFileReference; lastKnownFileType = sourcecode.swift; path = VerifyPulseAccountPresenter.swift; sourceTree = "<group>"; };
		81B8EE412AA0E72400C7F53E /* String+Ext.swift */ = {isa = PBXFileReference; lastKnownFileType = sourcecode.swift; path = "String+Ext.swift"; sourceTree = "<group>"; };
/* End PBXFileReference section */

/* Begin PBXFrameworksBuildPhase section */
		70BDBA792A9B56C000401359 /* Frameworks */ = {
			isa = PBXFrameworksBuildPhase;
			buildActionMask = 2147483647;
			files = (
				70AC1CB52A9B57EC0095A793 /* AlertKit in Frameworks */,
				70AC1CB02A9B57AB0095A793 /* Realm in Frameworks */,
				70AC1CBE2A9B5ABF0095A793 /* ActiveLabel in Frameworks */,
				70AC1CBB2A9B58360095A793 /* Slyderin in Frameworks */,
				70AC1CA82A9B57240095A793 /* SDWebImage in Frameworks */,
				709F1B662A9E95BD00C0FB73 /* InfiniteScrolling-SPM in Frameworks */,
				70AC1CB22A9B57AB0095A793 /* RealmSwift in Frameworks */,
				70AC1CB82A9B58040095A793 /* SPIndicator in Frameworks */,
				70AC1CAA2A9B57240095A793 /* SDWebImageMapKit in Frameworks */,
				70AC1CAD2A9B57410095A793 /* FriendlyURLSession in Frameworks */,
				810E3D1A2A9F8875009891FC /* SnapKit in Frameworks */,
			);
			runOnlyForDeploymentPostprocessing = 0;
		};
/* End PBXFrameworksBuildPhase section */

/* Begin PBXGroup section */
		70439F3C2AA3396C007B0A98 /* Controls */ = {
			isa = PBXGroup;
			children = (
				70439F3D2AA33976007B0A98 /* PlayPauseButton.swift */,
			);
			path = Controls;
			sourceTree = "<group>";
		};
		70439F3F2AA369DC007B0A98 /* SettingsViewController */ = {
			isa = PBXGroup;
			children = (
				70439F402AA369E8007B0A98 /* SettingsViewController.swift */,
			);
			path = SettingsViewController;
			sourceTree = "<group>";
		};
		7054EF4A2AA0B03800F55B92 /* PopUpViewController */ = {
			isa = PBXGroup;
			children = (
				7054EF4B2AA0B04200F55B92 /* PopUpViewController.swift */,
			);
			path = PopUpViewController;
			sourceTree = "<group>";
		};
		7054EF4D2AA0B24800F55B92 /* Labels */ = {
			isa = PBXGroup;
			children = (
				7054EF4E2AA0B24F00F55B92 /* PaddingLabel.swift */,
			);
			path = Labels;
			sourceTree = "<group>";
		};
		7069F7432AA3220F00255854 /* TabBarControllers */ = {
			isa = PBXGroup;
			children = (
				7069F7442AA3222C00255854 /* MainTabBarController.swift */,
			);
			path = TabBarControllers;
			sourceTree = "<group>";
		};
		707FAF812A9E8D60008929FC /* CoversScrollingView */ = {
			isa = PBXGroup;
			children = (
				70DB84462A9E8A3900BA9C89 /* CoversScrollingView.swift */,
				707FAF882A9E8E56008929FC /* ScrollingCoverCollectionViewCell.swift */,
			);
			path = CoversScrollingView;
			sourceTree = "<group>";
		};
		70996A0F2A9D395400905847 /* Api */ = {
			isa = PBXGroup;
			children = (
				70E09FAD2AA783030094EEA0 /* Vk */,
				70996A222A9D3E7300905847 /* NetworkApi */,
				70996A102A9D395900905847 /* Pulse */,
				70996A342A9D443400905847 /* ApiTypealiases.swift */,
			);
			path = Api;
			sourceTree = "<group>";
		};
		70996A102A9D395900905847 /* Pulse */ = {
			isa = PBXGroup;
			children = (
				70996A152A9D396700905847 /* Models */,
				70996A112A9D395F00905847 /* PulseApi.swift */,
				70996A132A9D396400905847 /* PulseProvider.swift */,
				70996A182A9D397900905847 /* PulseTypealiases.swift */,
			);
			path = Pulse;
			sourceTree = "<group>";
		};
		70996A152A9D396700905847 /* Models */ = {
			isa = PBXGroup;
			children = (
				70996A1A2A9D3AA400905847 /* ResponsePulseCoverModel.swift */,
				70996A1C2A9D3AEB00905847 /* ResponsePulseCoverInfoModel.swift */,
				70AD04BD2A9EA42100DC4517 /* ResponsePulseCreateUserModel.swift */,
				70996A162A9D397200905847 /* ResponsePulseErrorModel.swift */,
				70E3D5812AA13A3C0040E46A /* ResponsePulseSuccessModel.swift */,
				70E3D5832AA13A8E0040E46A /* ResponsePulseLoginUserModel.swift */,
				7069F73D2AA3194700255854 /* ResponsePulseLoginWithCodeModel.swift */,
				7069F7412AA31F2B00255854 /* ResponsePulseVerificationCodeModel.swift */,
			);
			path = Models;
			sourceTree = "<group>";
		};
		70996A1F2A9D3D2600905847 /* Managers */ = {
			isa = PBXGroup;
			children = (
				70996A202A9D3D2E00905847 /* NetworkManager.swift */,
				70996A3B2A9D46D100905847 /* SettingsManager.swift */,
				70CDCE962A9FCBBF00FBB125 /* ImageManager.swift */,
			);
			path = Managers;
			sourceTree = "<group>";
		};
		70996A222A9D3E7300905847 /* NetworkApi */ = {
			isa = PBXGroup;
			children = (
				70996A2E2A9D438B00905847 /* ipify */,
				70996A232A9D3E7B00905847 /* ip-api */,
			);
			path = NetworkApi;
			sourceTree = "<group>";
		};
		70996A232A9D3E7B00905847 /* ip-api */ = {
			isa = PBXGroup;
			children = (
				70996A2D2A9D425100905847 /* Models */,
				70996A242A9D3E8700905847 /* ipApi.swift */,
				70996A292A9D3FA000905847 /* ipApiProvider.swift */,
			);
			path = "ip-api";
			sourceTree = "<group>";
		};
		70996A262A9D3F0600905847 /* Classes */ = {
			isa = PBXGroup;
			children = (
				70996A272A9D3F1100905847 /* Constants.swift */,
				70996A392A9D467700905847 /* MainCoordinator.swift */,
				70CDCE9F2A9FDD7100FBB125 /* Device.swift */,
			);
			path = Classes;
			sourceTree = "<group>";
		};
		70996A2D2A9D425100905847 /* Models */ = {
			isa = PBXGroup;
			children = (
				70996A2B2A9D423F00905847 /* ResponseIpApiModel.swift */,
			);
			path = Models;
			sourceTree = "<group>";
		};
		70996A2E2A9D438B00905847 /* ipify */ = {
			isa = PBXGroup;
			children = (
				70996A362A9D449A00905847 /* Models */,
				70996A2F2A9D439900905847 /* ipifyApi.swift */,
				70996A312A9D43D900905847 /* ipifyProvider.swift */,
			);
			path = ipify;
			sourceTree = "<group>";
		};
		70996A362A9D449A00905847 /* Models */ = {
			isa = PBXGroup;
			children = (
				70996A372A9D44A800905847 /* ResponseIpifyModel.swift */,
			);
			path = Models;
			sourceTree = "<group>";
		};
		70996A3D2A9D46E700905847 /* Models */ = {
			isa = PBXGroup;
			children = (
				70996A3E2A9D46EA00905847 /* Services */,
				70996A432A9D48B700905847 /* Credentials.swift */,
				7069F73F2AA31B8500255854 /* VerificationCode.swift */,
			);
			path = Models;
			sourceTree = "<group>";
		};
		70996A3E2A9D46EA00905847 /* Services */ = {
			isa = PBXGroup;
			children = (
				70996A3F2A9D46F300905847 /* PulseModel.swift */,
			);
			path = Services;
			sourceTree = "<group>";
		};
		70996A472A9D4D6900905847 /* UI */ = {
			isa = PBXGroup;
			children = (
				70E6E8212AA608A800DA686B /* ImageViews */,
				70E6E8102AA5FCB800DA686B /* TableViewCells */,
				70439F3C2AA3396C007B0A98 /* Controls */,
				7069F7432AA3220F00255854 /* TabBarControllers */,
				7054EF4D2AA0B24800F55B92 /* Labels */,
				70CDCE9A2A9FD88900FBB125 /* TextFields */,
				70DB84432A9E8A0400BA9C89 /* Views */,
				70996A482A9D4D6C00905847 /* ViewControllers */,
			);
			path = UI;
			sourceTree = "<group>";
		};
		70996A482A9D4D6C00905847 /* ViewControllers */ = {
			isa = PBXGroup;
			children = (
				70439F3F2AA369DC007B0A98 /* SettingsViewController */,
				70E3D5782AA131800040E46A /* SignInViewController */,
				81B8EE392AA0E12A00C7F53E /* PopUpViewControllers */,
				70CDCE8D2A9FC9A100FBB125 /* SignUpViewController */,
				70CDCE882A9FC24F00FBB125 /* CoversViewController */,
				70996A4D2A9D4D7A00905847 /* AuthViewController */,
			);
			path = ViewControllers;
			sourceTree = "<group>";
		};
		70996A4D2A9D4D7A00905847 /* AuthViewController */ = {
			isa = PBXGroup;
			children = (
				70996A492A9D4D7200905847 /* AuthViewController.swift */,
				70996A4B2A9D4D7700905847 /* AuthPresenter.swift */,
			);
			path = AuthViewController;
			sourceTree = "<group>";
		};
		70996A4E2A9D4D8A00905847 /* BaseItems */ = {
			isa = PBXGroup;
			children = (
				70996A4F2A9D4D9600905847 /* UI */,
				70996A412A9D47E500905847 /* BaseKeychainModel.swift */,
				700A9C2F2A9E75BB00E11DEB /* BasePresenter.swift */,
			);
			path = BaseItems;
			sourceTree = "<group>";
		};
		70996A4F2A9D4D9600905847 /* UI */ = {
			isa = PBXGroup;
			children = (
				70AD04C12A9EA62800DC4517 /* BaseUIView.swift */,
				70996A522A9D4DED00905847 /* BaseUIViewController.swift */,
				7069F7462AA3225B00255854 /* BaseUICollectionViewCell.swift */,
				70E6E8132AA5FCEA00DA686B /* BaseUITableViewCell.swift */,
			);
			path = UI;
			sourceTree = "<group>";
		};
		70996A542A9D4FE100905847 /* Extensions */ = {
			isa = PBXGroup;
			children = (
				707FAF842A9E8E00008929FC /* UICollectionView+Ext.swift */,
				707FAF862A9E8E0B008929FC /* UICollectionViewCell+Ext.swift */,
				70996A5C2A9D55A300905847 /* UIColor+Ext.swift */,
				70996A552A9D4FEE00905847 /* UILabel+Ext.swift */,
				707FAF8A2A9E8F05008929FC /* UIView+Ext.swift */,
				700A9C312A9E774500E11DEB /* UIViewController+Ext.swift */,
				70CDCE982A9FCC7800FBB125 /* UIImageView+Ext.swift */,
				70CDCE9B2A9FD8A200FBB125 /* UITextField+Ext.swift */,
				70399C5F2A9FDED500976098 /* UIEdgeInsets+Ext.swift */,
				70399C632A9FE58200976098 /* NSRegularExpression+Ext.swift */,
				81B8EE412AA0E72400C7F53E /* String+Ext.swift */,
				70E6E81D2AA6060700DA686B /* UITableViewCell+Ext.swift */,
				70E6E81F2AA6076E00DA686B /* UITableView+Ext.swift */,
			);
			path = Extensions;
			sourceTree = "<group>";
		};
		70996A592A9D548600905847 /* Enums */ = {
			isa = PBXGroup;
			children = (
				70996A5A2A9D548E00905847 /* ColorType.swift */,
				70E6E8172AA600FA00DA686B /* SettingType.swift */,
				70E6E8192AA6048000DA686B /* SettingsSectionType.swift */,
				70E6E81B2AA604AD00DA686B /* CellType.swift */,
			);
			path = Enums;
			sourceTree = "<group>";
		};
		70BDBA732A9B56C000401359 = {
			isa = PBXGroup;
			children = (
				70BDBA7E2A9B56C000401359 /* Pulse */,
				70BDBA7D2A9B56C000401359 /* Products */,
				810E3D182A9F8875009891FC /* Frameworks */,
			);
			sourceTree = "<group>";
		};
		70BDBA7D2A9B56C000401359 /* Products */ = {
			isa = PBXGroup;
			children = (
				70BDBA7C2A9B56C000401359 /* Pulse.app */,
			);
			name = Products;
			sourceTree = "<group>";
		};
		70BDBA7E2A9B56C000401359 /* Pulse */ = {
			isa = PBXGroup;
			children = (
				70996A0F2A9D395400905847 /* Api */,
				70996A4E2A9D4D8A00905847 /* BaseItems */,
				70996A262A9D3F0600905847 /* Classes */,
				70996A592A9D548600905847 /* Enums */,
				70996A542A9D4FE100905847 /* Extensions */,
				70996A1F2A9D3D2600905847 /* Managers */,
				70996A3D2A9D46E700905847 /* Models */,
				70996A472A9D4D6900905847 /* UI */,
				70BDBA7F2A9B56C000401359 /* AppDelegate.swift */,
				70BDBA812A9B56C000401359 /* SceneDelegate.swift */,
				70BDBA852A9B56C000401359 /* Main.storyboard */,
				70BDBA8A2A9B56C100401359 /* LaunchScreen.storyboard */,
				70BDBA882A9B56C100401359 /* Assets.xcassets */,
				70BDBA8D2A9B56C100401359 /* Info.plist */,
			);
			path = Pulse;
			sourceTree = "<group>";
		};
		70CDCE882A9FC24F00FBB125 /* CoversViewController */ = {
			isa = PBXGroup;
			children = (
				70CDCE892A9FC25B00FBB125 /* CoversViewController.swift */,
				70CDCE8B2A9FC2C900FBB125 /* CoversPresenter.swift */,
			);
			path = CoversViewController;
			sourceTree = "<group>";
		};
		70CDCE8D2A9FC9A100FBB125 /* SignUpViewController */ = {
			isa = PBXGroup;
			children = (
				70CDCE8E2A9FC9AC00FBB125 /* SignUpViewController.swift */,
				70CDCE902A9FC9E700FBB125 /* SignUpPresenter.swift */,
			);
			path = SignUpViewController;
			sourceTree = "<group>";
		};
		70CDCE9A2A9FD88900FBB125 /* TextFields */ = {
			isa = PBXGroup;
			children = (
				70CDCE9D2A9FD8EA00FBB125 /* PasswordTextField.swift */,
			);
			path = TextFields;
			sourceTree = "<group>";
		};
		70DB84432A9E8A0400BA9C89 /* Views */ = {
			isa = PBXGroup;
			children = (
				707FAF812A9E8D60008929FC /* CoversScrollingView */,
				70399C612A9FE33200976098 /* AlertView.swift */,
				70AD04BB2A9E9D4D00DC4517 /* StaticGradientView.swift */,
				7069F7482AA326F300255854 /* NowPlayingView.swift */,
			);
			path = Views;
			sourceTree = "<group>";
		};
		70E09FAD2AA783030094EEA0 /* Vk */ = {
			isa = PBXGroup;
			children = (
				70E09FB22AA7830F0094EEA0 /* Models */,
				70E09FAE2AA783090094EEA0 /* VkApi.swift */,
				70E09FB02AA7830E0094EEA0 /* VkProvider.swift */,
				70E09FB52AA785660094EEA0 /* VkTypealiases.swift */,
			);
			path = Vk;
			sourceTree = "<group>";
		};
		70E09FB22AA7830F0094EEA0 /* Models */ = {
			isa = PBXGroup;
			children = (
				70E09FB32AA7851E0094EEA0 /* ResponseVkAuthModel.swift */,
				70E09FB72AA786500094EEA0 /* ResponseVkErrorModel.swift */,
			);
			path = Models;
			sourceTree = "<group>";
		};
		70E09FB92AA78B9D0094EEA0 /* VkAuthPopUpViewController */ = {
			isa = PBXGroup;
			children = (
				70E09FBA2AA78BCF0094EEA0 /* VkAuthPopUpViewController.swift */,
			);
			path = VkAuthPopUpViewController;
			sourceTree = "<group>";
		};
		70E3D5782AA131800040E46A /* SignInViewController */ = {
			isa = PBXGroup;
			children = (
				70E3D5792AA131900040E46A /* SignInViewController.swift */,
				70E3D57B2AA131980040E46A /* SignInPresenter.swift */,
			);
			path = SignInViewController;
			sourceTree = "<group>";
		};
		70E6E8102AA5FCB800DA686B /* TableViewCells */ = {
			isa = PBXGroup;
			children = (
				70E6E8112AA5FCD700DA686B /* SwitchTableViewCell.swift */,
				70E09FA52AA768880094EEA0 /* TextTableViewCell.swift */,
				70E09FA72AA76EA80094EEA0 /* ChevronTableViewCell.swift */,
				70E09FAB2AA77D100094EEA0 /* VKAuthTableViewCell.swift */,
			);
			path = TableViewCells;
			sourceTree = "<group>";
		};
		70E6E8212AA608A800DA686B /* ImageViews */ = {
			isa = PBXGroup;
			children = (
				70E6E8222AA608A800DA686B /* CoverImageView.swift */,
			);
			path = ImageViews;
			sourceTree = "<group>";
		};
		810E3D182A9F8875009891FC /* Frameworks */ = {
			isa = PBXGroup;
			children = (
			);
			name = Frameworks;
			sourceTree = "<group>";
		};
		81B8EE392AA0E12A00C7F53E /* PopUpViewControllers */ = {
			isa = PBXGroup;
			children = (
				70E09FB92AA78B9D0094EEA0 /* VkAuthPopUpViewController */,
				81B8EE3A2AA0E16800C7F53E /* VerifyPulseAccountPopUpViewController */,
				7054EF4A2AA0B03800F55B92 /* PopUpViewController */,
			);
			path = PopUpViewControllers;
			sourceTree = "<group>";
		};
		81B8EE3A2AA0E16800C7F53E /* VerifyPulseAccountPopUpViewController */ = {
			isa = PBXGroup;
			children = (
				81B8EE3B2AA0E17F00C7F53E /* VerifyPulseAccountPopUpViewController.swift */,
				81B8EE3D2AA0E1E600C7F53E /* VerifyPulseAccountPresenter.swift */,
			);
			path = VerifyPulseAccountPopUpViewController;
			sourceTree = "<group>";
		};
/* End PBXGroup section */

/* Begin PBXNativeTarget section */
		70BDBA7B2A9B56C000401359 /* Pulse */ = {
			isa = PBXNativeTarget;
			buildConfigurationList = 70BDBA902A9B56C100401359 /* Build configuration list for PBXNativeTarget "Pulse" */;
			buildPhases = (
				70BDBA782A9B56C000401359 /* Sources */,
				70BDBA792A9B56C000401359 /* Frameworks */,
				70BDBA7A2A9B56C000401359 /* Resources */,
			);
			buildRules = (
			);
			dependencies = (
			);
			name = Pulse;
			packageProductDependencies = (
				70AC1CA72A9B57240095A793 /* SDWebImage */,
				70AC1CA92A9B57240095A793 /* SDWebImageMapKit */,
				70AC1CAC2A9B57410095A793 /* FriendlyURLSession */,
				70AC1CAF2A9B57AB0095A793 /* Realm */,
				70AC1CB12A9B57AB0095A793 /* RealmSwift */,
				70AC1CB42A9B57EC0095A793 /* AlertKit */,
				70AC1CB72A9B58040095A793 /* SPIndicator */,
				70AC1CBA2A9B58360095A793 /* Slyderin */,
				70AC1CBD2A9B5ABF0095A793 /* ActiveLabel */,
				709F1B652A9E95BD00C0FB73 /* InfiniteScrolling-SPM */,
				810E3D192A9F8875009891FC /* SnapKit */,
			);
			productName = Pulse;
			productReference = 70BDBA7C2A9B56C000401359 /* Pulse.app */;
			productType = "com.apple.product-type.application";
		};
/* End PBXNativeTarget section */

/* Begin PBXProject section */
		70BDBA742A9B56C000401359 /* Project object */ = {
			isa = PBXProject;
			attributes = {
				BuildIndependentTargetsInParallel = 1;
				LastSwiftUpdateCheck = 1420;
				LastUpgradeCheck = 1420;
				ORGANIZATIONNAME = "";
				TargetAttributes = {
					70BDBA7B2A9B56C000401359 = {
						CreatedOnToolsVersion = 14.2;
					};
				};
			};
			buildConfigurationList = 70BDBA772A9B56C000401359 /* Build configuration list for PBXProject "Pulse" */;
			compatibilityVersion = "Xcode 14.0";
			developmentRegion = en;
			hasScannedForEncodings = 0;
			knownRegions = (
				en,
				Base,
			);
			mainGroup = 70BDBA732A9B56C000401359;
			packageReferences = (
				70AC1CA12A9B570E0095A793 /* XCRemoteSwiftPackageReference "SnapKit" */,
				70AC1CA62A9B57240095A793 /* XCRemoteSwiftPackageReference "SDWebImage" */,
				70AC1CAB2A9B57410095A793 /* XCRemoteSwiftPackageReference "friendly-urlsession" */,
				70AC1CAE2A9B57AA0095A793 /* XCRemoteSwiftPackageReference "realm-swift" */,
				70AC1CB32A9B57EC0095A793 /* XCRemoteSwiftPackageReference "SPAlert" */,
				70AC1CB62A9B58040095A793 /* XCRemoteSwiftPackageReference "SPIndicator" */,
				70AC1CB92A9B58360095A793 /* XCRemoteSwiftPackageReference "Slyderin" */,
				70AC1CBC2A9B5ABF0095A793 /* XCRemoteSwiftPackageReference "ActiveLabel" */,
				709F1B642A9E95BD00C0FB73 /* XCRemoteSwiftPackageReference "InfiniteScrolling-SPM" */,
			);
			productRefGroup = 70BDBA7D2A9B56C000401359 /* Products */;
			projectDirPath = "";
			projectRoot = "";
			targets = (
				70BDBA7B2A9B56C000401359 /* Pulse */,
			);
		};
/* End PBXProject section */

/* Begin PBXResourcesBuildPhase section */
		70BDBA7A2A9B56C000401359 /* Resources */ = {
			isa = PBXResourcesBuildPhase;
			buildActionMask = 2147483647;
			files = (
				70BDBA8C2A9B56C100401359 /* LaunchScreen.storyboard in Resources */,
				70BDBA892A9B56C100401359 /* Assets.xcassets in Resources */,
				70BDBA872A9B56C000401359 /* Main.storyboard in Resources */,
			);
			runOnlyForDeploymentPostprocessing = 0;
		};
/* End PBXResourcesBuildPhase section */

/* Begin PBXSourcesBuildPhase section */
		70BDBA782A9B56C000401359 /* Sources */ = {
			isa = PBXSourcesBuildPhase;
			buildActionMask = 2147483647;
			files = (
				81B8EE3E2AA0E1E600C7F53E /* VerifyPulseAccountPresenter.swift in Sources */,
				70996A212A9D3D2E00905847 /* NetworkManager.swift in Sources */,
				70996A282A9D3F1100905847 /* Constants.swift in Sources */,
				700A9C322A9E774500E11DEB /* UIViewController+Ext.swift in Sources */,
				70996A1D2A9D3AEB00905847 /* ResponsePulseCoverInfoModel.swift in Sources */,
				700A9C302A9E75BB00E11DEB /* BasePresenter.swift in Sources */,
				70AD04C22A9EA62800DC4517 /* BaseUIView.swift in Sources */,
				70CDCE9E2A9FD8EA00FBB125 /* PasswordTextField.swift in Sources */,
				7054EF4C2AA0B04200F55B92 /* PopUpViewController.swift in Sources */,
				70E09FB82AA786500094EEA0 /* ResponseVkErrorModel.swift in Sources */,
				70996A1B2A9D3AA400905847 /* ResponsePulseCoverModel.swift in Sources */,
				7069F7452AA3222C00255854 /* MainTabBarController.swift in Sources */,
				70CDCE8C2A9FC2C900FBB125 /* CoversPresenter.swift in Sources */,
				7069F7472AA3225B00255854 /* BaseUICollectionViewCell.swift in Sources */,
				70996A302A9D439900905847 /* ipifyApi.swift in Sources */,
				7054EF4F2AA0B24F00F55B92 /* PaddingLabel.swift in Sources */,
				70996A2A2A9D3FA000905847 /* ipApiProvider.swift in Sources */,
				70E6E81C2AA604AD00DA686B /* CellType.swift in Sources */,
				70E6E8182AA600FA00DA686B /* SettingType.swift in Sources */,
				70996A122A9D395F00905847 /* PulseApi.swift in Sources */,
				70E3D5842AA13A8E0040E46A /* ResponsePulseLoginUserModel.swift in Sources */,
				70996A3A2A9D467700905847 /* MainCoordinator.swift in Sources */,
				7069F7422AA31F2B00255854 /* ResponsePulseVerificationCodeModel.swift in Sources */,
				70AD04BE2A9EA42100DC4517 /* ResponsePulseCreateUserModel.swift in Sources */,
				70996A562A9D4FEE00905847 /* UILabel+Ext.swift in Sources */,
				70E6E8202AA6076E00DA686B /* UITableView+Ext.swift in Sources */,
				70996A3C2A9D46D100905847 /* SettingsManager.swift in Sources */,
				70996A402A9D46F300905847 /* PulseModel.swift in Sources */,
				70CDCE8A2A9FC25B00FBB125 /* CoversViewController.swift in Sources */,
				70E09FB42AA7851E0094EEA0 /* ResponseVkAuthModel.swift in Sources */,
				70BDBA802A9B56C000401359 /* AppDelegate.swift in Sources */,
				70996A382A9D44A800905847 /* ResponseIpifyModel.swift in Sources */,
				70996A142A9D396400905847 /* PulseProvider.swift in Sources */,
				707FAF892A9E8E56008929FC /* ScrollingCoverCollectionViewCell.swift in Sources */,
				70399C642A9FE58200976098 /* NSRegularExpression+Ext.swift in Sources */,
				70CDCE992A9FCC7800FBB125 /* UIImageView+Ext.swift in Sources */,
				70BDBA822A9B56C000401359 /* SceneDelegate.swift in Sources */,
				70996A442A9D48B700905847 /* Credentials.swift in Sources */,
				70996A192A9D397900905847 /* PulseTypealiases.swift in Sources */,
				70CDCE9C2A9FD8A200FBB125 /* UITextField+Ext.swift in Sources */,
				70E09FB62AA785660094EEA0 /* VkTypealiases.swift in Sources */,
				70AD04BC2A9E9D4D00DC4517 /* StaticGradientView.swift in Sources */,
				70E6E8122AA5FCD700DA686B /* SwitchTableViewCell.swift in Sources */,
				70E6E81E2AA6060700DA686B /* UITableViewCell+Ext.swift in Sources */,
				70996A4A2A9D4D7200905847 /* AuthViewController.swift in Sources */,
				70439F412AA369E8007B0A98 /* SettingsViewController.swift in Sources */,
				70996A172A9D397200905847 /* ResponsePulseErrorModel.swift in Sources */,
				70996A4C2A9D4D7700905847 /* AuthPresenter.swift in Sources */,
				70E09FAF2AA783090094EEA0 /* VkApi.swift in Sources */,
				70DB84472A9E8A3900BA9C89 /* CoversScrollingView.swift in Sources */,
				70CDCE912A9FC9E700FBB125 /* SignUpPresenter.swift in Sources */,
				70E3D5822AA13A3C0040E46A /* ResponsePulseSuccessModel.swift in Sources */,
				707FAF872A9E8E0B008929FC /* UICollectionViewCell+Ext.swift in Sources */,
				7069F73E2AA3194700255854 /* ResponsePulseLoginWithCodeModel.swift in Sources */,
				70CDCE972A9FCBBF00FBB125 /* ImageManager.swift in Sources */,
				70996A2C2A9D423F00905847 /* ResponseIpApiModel.swift in Sources */,
				70E09FA82AA76EA80094EEA0 /* ChevronTableViewCell.swift in Sources */,
				70E6E8232AA608A800DA686B /* CoverImageView.swift in Sources */,
				70E3D57C2AA131980040E46A /* SignInPresenter.swift in Sources */,
				70996A5D2A9D55A300905847 /* UIColor+Ext.swift in Sources */,
				7069F7492AA326F300255854 /* NowPlayingView.swift in Sources */,
				7069F7402AA31B8500255854 /* VerificationCode.swift in Sources */,
				81B8EE3C2AA0E17F00C7F53E /* VerifyPulseAccountPopUpViewController.swift in Sources */,
				70E09FA62AA768880094EEA0 /* TextTableViewCell.swift in Sources */,
				70996A352A9D443400905847 /* ApiTypealiases.swift in Sources */,
				70996A322A9D43D900905847 /* ipifyProvider.swift in Sources */,
				70CDCEA02A9FDD7100FBB125 /* Device.swift in Sources */,
				70996A252A9D3E8700905847 /* ipApi.swift in Sources */,
				70E09FAC2AA77D100094EEA0 /* VKAuthTableViewCell.swift in Sources */,
				70399C622A9FE33200976098 /* AlertView.swift in Sources */,
				70E3D57A2AA131900040E46A /* SignInViewController.swift in Sources */,
				70E6E81A2AA6048000DA686B /* SettingsSectionType.swift in Sources */,
				70E09FBB2AA78BCF0094EEA0 /* VkAuthPopUpViewController.swift in Sources */,
				707FAF852A9E8E00008929FC /* UICollectionView+Ext.swift in Sources */,
				70CDCE8F2A9FC9AC00FBB125 /* SignUpViewController.swift in Sources */,
				70E09FB12AA7830E0094EEA0 /* VkProvider.swift in Sources */,
				81B8EE422AA0E72400C7F53E /* String+Ext.swift in Sources */,
				70996A422A9D47E500905847 /* BaseKeychainModel.swift in Sources */,
				707FAF8B2A9E8F05008929FC /* UIView+Ext.swift in Sources */,
				70439F3E2AA33976007B0A98 /* PlayPauseButton.swift in Sources */,
				70399C602A9FDED500976098 /* UIEdgeInsets+Ext.swift in Sources */,
				70E6E8142AA5FCEA00DA686B /* BaseUITableViewCell.swift in Sources */,
				70996A5B2A9D548E00905847 /* ColorType.swift in Sources */,
				70996A532A9D4DED00905847 /* BaseUIViewController.swift in Sources */,
			);
			runOnlyForDeploymentPostprocessing = 0;
		};
/* End PBXSourcesBuildPhase section */

/* Begin PBXVariantGroup section */
		70BDBA852A9B56C000401359 /* Main.storyboard */ = {
			isa = PBXVariantGroup;
			children = (
				70BDBA862A9B56C000401359 /* Base */,
			);
			name = Main.storyboard;
			sourceTree = "<group>";
		};
		70BDBA8A2A9B56C100401359 /* LaunchScreen.storyboard */ = {
			isa = PBXVariantGroup;
			children = (
				70BDBA8B2A9B56C100401359 /* Base */,
			);
			name = LaunchScreen.storyboard;
			sourceTree = "<group>";
		};
/* End PBXVariantGroup section */

/* Begin XCBuildConfiguration section */
		70BDBA8E2A9B56C100401359 /* Debug */ = {
			isa = XCBuildConfiguration;
			buildSettings = {
				ALWAYS_SEARCH_USER_PATHS = NO;
				CLANG_ANALYZER_NONNULL = YES;
				CLANG_ANALYZER_NUMBER_OBJECT_CONVERSION = YES_AGGRESSIVE;
				CLANG_CXX_LANGUAGE_STANDARD = "gnu++20";
				CLANG_ENABLE_MODULES = YES;
				CLANG_ENABLE_OBJC_ARC = YES;
				CLANG_ENABLE_OBJC_WEAK = YES;
				CLANG_WARN_BLOCK_CAPTURE_AUTORELEASING = YES;
				CLANG_WARN_BOOL_CONVERSION = YES;
				CLANG_WARN_COMMA = YES;
				CLANG_WARN_CONSTANT_CONVERSION = YES;
				CLANG_WARN_DEPRECATED_OBJC_IMPLEMENTATIONS = YES;
				CLANG_WARN_DIRECT_OBJC_ISA_USAGE = YES_ERROR;
				CLANG_WARN_DOCUMENTATION_COMMENTS = YES;
				CLANG_WARN_EMPTY_BODY = YES;
				CLANG_WARN_ENUM_CONVERSION = YES;
				CLANG_WARN_INFINITE_RECURSION = YES;
				CLANG_WARN_INT_CONVERSION = YES;
				CLANG_WARN_NON_LITERAL_NULL_CONVERSION = YES;
				CLANG_WARN_OBJC_IMPLICIT_RETAIN_SELF = YES;
				CLANG_WARN_OBJC_LITERAL_CONVERSION = YES;
				CLANG_WARN_OBJC_ROOT_CLASS = YES_ERROR;
				CLANG_WARN_QUOTED_INCLUDE_IN_FRAMEWORK_HEADER = YES;
				CLANG_WARN_RANGE_LOOP_ANALYSIS = YES;
				CLANG_WARN_STRICT_PROTOTYPES = YES;
				CLANG_WARN_SUSPICIOUS_MOVE = YES;
				CLANG_WARN_UNGUARDED_AVAILABILITY = YES_AGGRESSIVE;
				CLANG_WARN_UNREACHABLE_CODE = YES;
				CLANG_WARN__DUPLICATE_METHOD_MATCH = YES;
				COPY_PHASE_STRIP = NO;
				DEBUG_INFORMATION_FORMAT = dwarf;
				ENABLE_STRICT_OBJC_MSGSEND = YES;
				ENABLE_TESTABILITY = YES;
				GCC_C_LANGUAGE_STANDARD = gnu11;
				GCC_DYNAMIC_NO_PIC = NO;
				GCC_NO_COMMON_BLOCKS = YES;
				GCC_OPTIMIZATION_LEVEL = 0;
				GCC_PREPROCESSOR_DEFINITIONS = (
					"DEBUG=1",
					"$(inherited)",
				);
				GCC_WARN_64_TO_32_BIT_CONVERSION = YES;
				GCC_WARN_ABOUT_RETURN_TYPE = YES_ERROR;
				GCC_WARN_UNDECLARED_SELECTOR = YES;
				GCC_WARN_UNINITIALIZED_AUTOS = YES_AGGRESSIVE;
				GCC_WARN_UNUSED_FUNCTION = YES;
				GCC_WARN_UNUSED_VARIABLE = YES;
				IPHONEOS_DEPLOYMENT_TARGET = 16.2;
				MTL_ENABLE_DEBUG_INFO = INCLUDE_SOURCE;
				MTL_FAST_MATH = YES;
				ONLY_ACTIVE_ARCH = YES;
				SDKROOT = iphoneos;
				SWIFT_ACTIVE_COMPILATION_CONDITIONS = DEBUG;
				SWIFT_OPTIMIZATION_LEVEL = "-Onone";
			};
			name = Debug;
		};
		70BDBA8F2A9B56C100401359 /* Release */ = {
			isa = XCBuildConfiguration;
			buildSettings = {
				ALWAYS_SEARCH_USER_PATHS = NO;
				CLANG_ANALYZER_NONNULL = YES;
				CLANG_ANALYZER_NUMBER_OBJECT_CONVERSION = YES_AGGRESSIVE;
				CLANG_CXX_LANGUAGE_STANDARD = "gnu++20";
				CLANG_ENABLE_MODULES = YES;
				CLANG_ENABLE_OBJC_ARC = YES;
				CLANG_ENABLE_OBJC_WEAK = YES;
				CLANG_WARN_BLOCK_CAPTURE_AUTORELEASING = YES;
				CLANG_WARN_BOOL_CONVERSION = YES;
				CLANG_WARN_COMMA = YES;
				CLANG_WARN_CONSTANT_CONVERSION = YES;
				CLANG_WARN_DEPRECATED_OBJC_IMPLEMENTATIONS = YES;
				CLANG_WARN_DIRECT_OBJC_ISA_USAGE = YES_ERROR;
				CLANG_WARN_DOCUMENTATION_COMMENTS = YES;
				CLANG_WARN_EMPTY_BODY = YES;
				CLANG_WARN_ENUM_CONVERSION = YES;
				CLANG_WARN_INFINITE_RECURSION = YES;
				CLANG_WARN_INT_CONVERSION = YES;
				CLANG_WARN_NON_LITERAL_NULL_CONVERSION = YES;
				CLANG_WARN_OBJC_IMPLICIT_RETAIN_SELF = YES;
				CLANG_WARN_OBJC_LITERAL_CONVERSION = YES;
				CLANG_WARN_OBJC_ROOT_CLASS = YES_ERROR;
				CLANG_WARN_QUOTED_INCLUDE_IN_FRAMEWORK_HEADER = YES;
				CLANG_WARN_RANGE_LOOP_ANALYSIS = YES;
				CLANG_WARN_STRICT_PROTOTYPES = YES;
				CLANG_WARN_SUSPICIOUS_MOVE = YES;
				CLANG_WARN_UNGUARDED_AVAILABILITY = YES_AGGRESSIVE;
				CLANG_WARN_UNREACHABLE_CODE = YES;
				CLANG_WARN__DUPLICATE_METHOD_MATCH = YES;
				COPY_PHASE_STRIP = NO;
				DEBUG_INFORMATION_FORMAT = "dwarf-with-dsym";
				ENABLE_NS_ASSERTIONS = NO;
				ENABLE_STRICT_OBJC_MSGSEND = YES;
				GCC_C_LANGUAGE_STANDARD = gnu11;
				GCC_NO_COMMON_BLOCKS = YES;
				GCC_WARN_64_TO_32_BIT_CONVERSION = YES;
				GCC_WARN_ABOUT_RETURN_TYPE = YES_ERROR;
				GCC_WARN_UNDECLARED_SELECTOR = YES;
				GCC_WARN_UNINITIALIZED_AUTOS = YES_AGGRESSIVE;
				GCC_WARN_UNUSED_FUNCTION = YES;
				GCC_WARN_UNUSED_VARIABLE = YES;
				IPHONEOS_DEPLOYMENT_TARGET = 16.2;
				MTL_ENABLE_DEBUG_INFO = NO;
				MTL_FAST_MATH = YES;
				SDKROOT = iphoneos;
				SWIFT_COMPILATION_MODE = wholemodule;
				SWIFT_OPTIMIZATION_LEVEL = "-O";
				VALIDATE_PRODUCT = YES;
			};
			name = Release;
		};
		70BDBA912A9B56C100401359 /* Debug */ = {
			isa = XCBuildConfiguration;
			buildSettings = {
				ASSETCATALOG_COMPILER_APPICON_NAME = AppIcon;
				ASSETCATALOG_COMPILER_GLOBAL_ACCENT_COLOR_NAME = AccentColor;
				CODE_SIGN_STYLE = Automatic;
				CURRENT_PROJECT_VERSION = 1;
				DEVELOPMENT_TEAM = 3SYA5J8W7U;
				GENERATE_INFOPLIST_FILE = YES;
				INFOPLIST_FILE = Pulse/Info.plist;
				INFOPLIST_KEY_CFBundleDisplayName = Pulse;
				INFOPLIST_KEY_LSApplicationCategoryType = "public.app-category.music";
				INFOPLIST_KEY_UIApplicationSupportsIndirectInputEvents = YES;
				INFOPLIST_KEY_UILaunchStoryboardName = LaunchScreen;
				INFOPLIST_KEY_UIMainStoryboardFile = Main;
				INFOPLIST_KEY_UIStatusBarHidden = YES;
				INFOPLIST_KEY_UISupportedInterfaceOrientations = UIInterfaceOrientationPortrait;
				INFOPLIST_KEY_UISupportedInterfaceOrientations_iPad = "UIInterfaceOrientationLandscapeLeft UIInterfaceOrientationLandscapeRight UIInterfaceOrientationPortrait UIInterfaceOrientationPortraitUpsideDown";
				IPHONEOS_DEPLOYMENT_TARGET = 15.0;
				LD_RUNPATH_SEARCH_PATHS = (
					"$(inherited)",
					"@executable_path/Frameworks",
				);
				MARKETING_VERSION = 0.0.1;
				PRODUCT_BUNDLE_IDENTIFIER = by.kefaxoo.Pulse;
				PRODUCT_NAME = "$(TARGET_NAME)";
				SUPPORTED_PLATFORMS = "iphoneos iphonesimulator";
				SUPPORTS_MACCATALYST = NO;
				SUPPORTS_XR_DESIGNED_FOR_IPHONE_IPAD = NO;
				SWIFT_EMIT_LOC_STRINGS = YES;
				SWIFT_VERSION = 5.0;
				TARGETED_DEVICE_FAMILY = 1;
			};
			name = Debug;
		};
		70BDBA922A9B56C100401359 /* Release */ = {
			isa = XCBuildConfiguration;
			buildSettings = {
				ASSETCATALOG_COMPILER_APPICON_NAME = AppIcon;
				ASSETCATALOG_COMPILER_GLOBAL_ACCENT_COLOR_NAME = AccentColor;
				CODE_SIGN_STYLE = Automatic;
				CURRENT_PROJECT_VERSION = 1;
				DEVELOPMENT_TEAM = 3SYA5J8W7U;
				GENERATE_INFOPLIST_FILE = YES;
				INFOPLIST_FILE = Pulse/Info.plist;
				INFOPLIST_KEY_CFBundleDisplayName = Pulse;
				INFOPLIST_KEY_LSApplicationCategoryType = "public.app-category.music";
				INFOPLIST_KEY_UIApplicationSupportsIndirectInputEvents = YES;
				INFOPLIST_KEY_UILaunchStoryboardName = LaunchScreen;
				INFOPLIST_KEY_UIMainStoryboardFile = Main;
				INFOPLIST_KEY_UIStatusBarHidden = YES;
				INFOPLIST_KEY_UISupportedInterfaceOrientations = UIInterfaceOrientationPortrait;
				INFOPLIST_KEY_UISupportedInterfaceOrientations_iPad = "UIInterfaceOrientationLandscapeLeft UIInterfaceOrientationLandscapeRight UIInterfaceOrientationPortrait UIInterfaceOrientationPortraitUpsideDown";
				IPHONEOS_DEPLOYMENT_TARGET = 15.0;
				LD_RUNPATH_SEARCH_PATHS = (
					"$(inherited)",
					"@executable_path/Frameworks",
				);
				MARKETING_VERSION = 0.0.1;
				PRODUCT_BUNDLE_IDENTIFIER = by.kefaxoo.Pulse;
				PRODUCT_NAME = "$(TARGET_NAME)";
				SUPPORTED_PLATFORMS = "iphoneos iphonesimulator";
				SUPPORTS_MACCATALYST = NO;
				SUPPORTS_XR_DESIGNED_FOR_IPHONE_IPAD = NO;
				SWIFT_EMIT_LOC_STRINGS = YES;
				SWIFT_VERSION = 5.0;
				TARGETED_DEVICE_FAMILY = 1;
			};
			name = Release;
		};
/* End XCBuildConfiguration section */

/* Begin XCConfigurationList section */
		70BDBA772A9B56C000401359 /* Build configuration list for PBXProject "Pulse" */ = {
			isa = XCConfigurationList;
			buildConfigurations = (
				70BDBA8E2A9B56C100401359 /* Debug */,
				70BDBA8F2A9B56C100401359 /* Release */,
			);
			defaultConfigurationIsVisible = 0;
			defaultConfigurationName = Release;
		};
		70BDBA902A9B56C100401359 /* Build configuration list for PBXNativeTarget "Pulse" */ = {
			isa = XCConfigurationList;
			buildConfigurations = (
				70BDBA912A9B56C100401359 /* Debug */,
				70BDBA922A9B56C100401359 /* Release */,
			);
			defaultConfigurationIsVisible = 0;
			defaultConfigurationName = Release;
		};
/* End XCConfigurationList section */

/* Begin XCRemoteSwiftPackageReference section */
		709F1B642A9E95BD00C0FB73 /* XCRemoteSwiftPackageReference "InfiniteScrolling-SPM" */ = {
			isa = XCRemoteSwiftPackageReference;
			repositoryURL = "https://github.com/kefaxoo/InfiniteScrolling-SPM.git";
			requirement = {
				branch = master;
				kind = branch;
			};
		};
		70AC1CA12A9B570E0095A793 /* XCRemoteSwiftPackageReference "SnapKit" */ = {
			isa = XCRemoteSwiftPackageReference;
			repositoryURL = "https://github.com/SnapKit/SnapKit";
			requirement = {
				kind = exactVersion;
				version = 5.0.1;
			};
		};
		70AC1CA62A9B57240095A793 /* XCRemoteSwiftPackageReference "SDWebImage" */ = {
			isa = XCRemoteSwiftPackageReference;
			repositoryURL = "https://github.com/SDWebImage/SDWebImage.git";
			requirement = {
				kind = exactVersion;
				version = 5.17.0;
			};
		};
		70AC1CAB2A9B57410095A793 /* XCRemoteSwiftPackageReference "friendly-urlsession" */ = {
			isa = XCRemoteSwiftPackageReference;
			repositoryURL = "https://github.com/kefaxoo/friendly-urlsession";
			requirement = {
				branch = main;
				kind = branch;
			};
		};
		70AC1CAE2A9B57AA0095A793 /* XCRemoteSwiftPackageReference "realm-swift" */ = {
			isa = XCRemoteSwiftPackageReference;
			repositoryURL = "https://github.com/realm/realm-swift";
			requirement = {
				kind = exactVersion;
				version = 10.42.0;
			};
		};
		70AC1CB32A9B57EC0095A793 /* XCRemoteSwiftPackageReference "SPAlert" */ = {
			isa = XCRemoteSwiftPackageReference;
			repositoryURL = "https://github.com/ivanvorobei/SPAlert";
			requirement = {
				kind = exactVersion;
				version = 5.0.1;
			};
		};
		70AC1CB62A9B58040095A793 /* XCRemoteSwiftPackageReference "SPIndicator" */ = {
			isa = XCRemoteSwiftPackageReference;
			repositoryURL = "https://github.com/ivanvorobei/SPIndicator";
			requirement = {
				kind = exactVersion;
				version = 1.6.5;
			};
		};
		70AC1CB92A9B58360095A793 /* XCRemoteSwiftPackageReference "Slyderin" */ = {
			isa = XCRemoteSwiftPackageReference;
			repositoryURL = "https://github.com/EdgarDegas/Slyderin";
			requirement = {
				branch = main;
				kind = branch;
			};
		};
		70AC1CBC2A9B5ABF0095A793 /* XCRemoteSwiftPackageReference "ActiveLabel" */ = {
			isa = XCRemoteSwiftPackageReference;
			repositoryURL = "https://github.com/optonaut/ActiveLabel.swift";
			requirement = {
				branch = master;
				kind = branch;
			};
		};
/* End XCRemoteSwiftPackageReference section */

/* Begin XCSwiftPackageProductDependency section */
		709F1B652A9E95BD00C0FB73 /* InfiniteScrolling-SPM */ = {
			isa = XCSwiftPackageProductDependency;
			package = 709F1B642A9E95BD00C0FB73 /* XCRemoteSwiftPackageReference "InfiniteScrolling-SPM" */;
			productName = "InfiniteScrolling-SPM";
		};
		70AC1CA72A9B57240095A793 /* SDWebImage */ = {
			isa = XCSwiftPackageProductDependency;
			package = 70AC1CA62A9B57240095A793 /* XCRemoteSwiftPackageReference "SDWebImage" */;
			productName = SDWebImage;
		};
		70AC1CA92A9B57240095A793 /* SDWebImageMapKit */ = {
			isa = XCSwiftPackageProductDependency;
			package = 70AC1CA62A9B57240095A793 /* XCRemoteSwiftPackageReference "SDWebImage" */;
			productName = SDWebImageMapKit;
		};
		70AC1CAC2A9B57410095A793 /* FriendlyURLSession */ = {
			isa = XCSwiftPackageProductDependency;
			package = 70AC1CAB2A9B57410095A793 /* XCRemoteSwiftPackageReference "friendly-urlsession" */;
			productName = FriendlyURLSession;
		};
		70AC1CAF2A9B57AB0095A793 /* Realm */ = {
			isa = XCSwiftPackageProductDependency;
			package = 70AC1CAE2A9B57AA0095A793 /* XCRemoteSwiftPackageReference "realm-swift" */;
			productName = Realm;
		};
		70AC1CB12A9B57AB0095A793 /* RealmSwift */ = {
			isa = XCSwiftPackageProductDependency;
			package = 70AC1CAE2A9B57AA0095A793 /* XCRemoteSwiftPackageReference "realm-swift" */;
			productName = RealmSwift;
		};
		70AC1CB42A9B57EC0095A793 /* AlertKit */ = {
			isa = XCSwiftPackageProductDependency;
			package = 70AC1CB32A9B57EC0095A793 /* XCRemoteSwiftPackageReference "SPAlert" */;
			productName = AlertKit;
		};
		70AC1CB72A9B58040095A793 /* SPIndicator */ = {
			isa = XCSwiftPackageProductDependency;
			package = 70AC1CB62A9B58040095A793 /* XCRemoteSwiftPackageReference "SPIndicator" */;
			productName = SPIndicator;
		};
		70AC1CBA2A9B58360095A793 /* Slyderin */ = {
			isa = XCSwiftPackageProductDependency;
			package = 70AC1CB92A9B58360095A793 /* XCRemoteSwiftPackageReference "Slyderin" */;
			productName = Slyderin;
		};
		70AC1CBD2A9B5ABF0095A793 /* ActiveLabel */ = {
			isa = XCSwiftPackageProductDependency;
			package = 70AC1CBC2A9B5ABF0095A793 /* XCRemoteSwiftPackageReference "ActiveLabel" */;
			productName = ActiveLabel;
		};
		810E3D192A9F8875009891FC /* SnapKit */ = {
			isa = XCSwiftPackageProductDependency;
			package = 70AC1CA12A9B570E0095A793 /* XCRemoteSwiftPackageReference "SnapKit" */;
			productName = SnapKit;
		};
/* End XCSwiftPackageProductDependency section */
	};
	rootObject = 70BDBA742A9B56C000401359 /* Project object */;
}
